<Solution>
  <Project Path="GooGalaxy.Runtime.Energy.csproj" />
  <Project Path="GooGalaxy.Tests.PlayMode.csproj" />
  <Project Path="GooGalaxy.Runtime.Tests.EditMode.csproj" />
  <Project Path="GooGalaxy.Runtime.Core.csproj" />
  <Project Path="GooGalaxy.Runtime.Cards.csproj" />
  <Project Path="GooGalaxy.Runtime.Shared.csproj" />
  <Project Path="GooGalaxy.Runtime.Networking.csproj" />
  <Project Path="GooGalaxy.Runtime.Board.csproj" />
</Solution>
